
Microsoft Visual Studio Solution File, Format Version 12.00
# Visual Studio Version 17
VisualStudioVersion = 17.9.34622.214
MinimumVisualStudioVersion = 10.0.40219.1
Project("{9A19103F-16F7-4668-BE54-9A1E7A4F7556}") = "SalesOrders.Server", "SalesOrders\Server\SalesOrders.Server.csproj", "{DB399CF0-532B-4AC3-A394-FA291C66F220}"
	ProjectSection(ProjectDependencies) = postProject
		{27CE1031-3679-4B27-B8A2-E0D9C9E1F2A8} = {27CE1031-3679-4B27-B8A2-E0D9C9E1F2A8}
	EndProjectSection
EndProject
Project("{9A19103F-16F7-4668-BE54-9A1E7A4F7556}") = "SalesOrders.Client", "SalesOrders\Client\SalesOrders.Client.csproj", "{8ED4D86D-2A4F-476B-B8CD-1A1D90220B72}"
EndProject
Project("{9A19103F-16F7-4668-BE54-9A1E7A4F7556}") = "SalesOrders.Shared", "SalesOrders\Shared\SalesOrders.Shared.csproj", "{9198392E-1FA2-4898-9D25-9D3A2E113116}"
	ProjectSection(ProjectDependencies) = postProject
		{27CE1031-3679-4B27-B8A2-E0D9C9E1F2A8} = {27CE1031-3679-4B27-B8A2-E0D9C9E1F2A8}
	EndProjectSection
EndProject
Project("{9A19103F-16F7-4668-BE54-9A1E7A4F7556}") = "SalesOrders.DAL", "SalesOrders.DAL\SalesOrders.DAL.csproj", "{27CE1031-3679-4B27-B8A2-E0D9C9E1F2A8}"
EndProject
Project("{2150E333-8FDC-42A3-9474-1A3956D46DE8}") = "01 - Client", "01 - Client", "{F7E3D7AA-C102-4849-84CB-816B9B0BDCC2}"
EndProject
Project("{2150E333-8FDC-42A3-9474-1A3956D46DE8}") = "02 - Server", "02 - Server", "{5351560A-D239-45A4-9FD9-48133B42A048}"
EndProject
Project("{2150E333-8FDC-42A3-9474-1A3956D46DE8}") = "03 - BLL", "03 - BLL", "{AF7CEBC6-679C-4F97-BCBF-849368D784CB}"
EndProject
Project("{2150E333-8FDC-42A3-9474-1A3956D46DE8}") = "04 - DAL", "04 - DAL", "{CB8FC399-4972-49AC-9D40-EEE3923A6455}"
EndProject
Project("{2150E333-8FDC-42A3-9474-1A3956D46DE8}") = "05 - Unit Tests", "05 - Unit Tests", "{387A5E55-FDB8-44EA-924D-4D50483A438B}"
EndProject
Project("{9A19103F-16F7-4668-BE54-9A1E7A4F7556}") = "SalesOrders.XUnitTests", "SalesOrders.XUnitTests\SalesOrders.XUnitTests.csproj", "{4AB3BE2F-AD61-481C-8A6F-E9B79BFE4F78}"
	ProjectSection(ProjectDependencies) = postProject
		{27CE1031-3679-4B27-B8A2-E0D9C9E1F2A8} = {27CE1031-3679-4B27-B8A2-E0D9C9E1F2A8}
		{9198392E-1FA2-4898-9D25-9D3A2E113116} = {9198392E-1FA2-4898-9D25-9D3A2E113116}
	EndProjectSection
EndProject
Global
	GlobalSection(SolutionConfigurationPlatforms) = preSolution
		Debug|Any CPU = Debug|Any CPU
		Release|Any CPU = Release|Any CPU
	EndGlobalSection
	GlobalSection(ProjectConfigurationPlatforms) = postSolution
		{DB399CF0-532B-4AC3-A394-FA291C66F220}.Debug|Any CPU.ActiveCfg = Debug|Any CPU
		{DB399CF0-532B-4AC3-A394-FA291C66F220}.Debug|Any CPU.Build.0 = Debug|Any CPU
		{DB399CF0-532B-4AC3-A394-FA291C66F220}.Release|Any CPU.ActiveCfg = Release|Any CPU
		{DB399CF0-532B-4AC3-A394-FA291C66F220}.Release|Any CPU.Build.0 = Release|Any CPU
		{8ED4D86D-2A4F-476B-B8CD-1A1D90220B72}.Debug|Any CPU.ActiveCfg = Debug|Any CPU
		{8ED4D86D-2A4F-476B-B8CD-1A1D90220B72}.Debug|Any CPU.Build.0 = Debug|Any CPU
		{8ED4D86D-2A4F-476B-B8CD-1A1D90220B72}.Release|Any CPU.ActiveCfg = Release|Any CPU
		{8ED4D86D-2A4F-476B-B8CD-1A1D90220B72}.Release|Any CPU.Build.0 = Release|Any CPU
		{9198392E-1FA2-4898-9D25-9D3A2E113116}.Debug|Any CPU.ActiveCfg = Debug|Any CPU
		{9198392E-1FA2-4898-9D25-9D3A2E113116}.Debug|Any CPU.Build.0 = Debug|Any CPU
		{9198392E-1FA2-4898-9D25-9D3A2E113116}.Release|Any CPU.ActiveCfg = Release|Any CPU
		{9198392E-1FA2-4898-9D25-9D3A2E113116}.Release|Any CPU.Build.0 = Release|Any CPU
		{27CE1031-3679-4B27-B8A2-E0D9C9E1F2A8}.Debug|Any CPU.ActiveCfg = Debug|Any CPU
		{27CE1031-3679-4B27-B8A2-E0D9C9E1F2A8}.Debug|Any CPU.Build.0 = Debug|Any CPU
		{27CE1031-3679-4B27-B8A2-E0D9C9E1F2A8}.Release|Any CPU.ActiveCfg = Release|Any CPU
		{27CE1031-3679-4B27-B8A2-E0D9C9E1F2A8}.Release|Any CPU.Build.0 = Release|Any CPU
		{4AB3BE2F-AD61-481C-8A6F-E9B79BFE4F78}.Debug|Any CPU.ActiveCfg = Debug|Any CPU
		{4AB3BE2F-AD61-481C-8A6F-E9B79BFE4F78}.Debug|Any CPU.Build.0 = Debug|Any CPU
		{4AB3BE2F-AD61-481C-8A6F-E9B79BFE4F78}.Release|Any CPU.ActiveCfg = Release|Any CPU
		{4AB3BE2F-AD61-481C-8A6F-E9B79BFE4F78}.Release|Any CPU.Build.0 = Release|Any CPU
	EndGlobalSection
	GlobalSection(SolutionProperties) = preSolution
		HideSolutionNode = FALSE
	EndGlobalSection
	GlobalSection(NestedProjects) = preSolution
		{DB399CF0-532B-4AC3-A394-FA291C66F220} = {5351560A-D239-45A4-9FD9-48133B42A048}
		{8ED4D86D-2A4F-476B-B8CD-1A1D90220B72} = {F7E3D7AA-C102-4849-84CB-816B9B0BDCC2}
		{9198392E-1FA2-4898-9D25-9D3A2E113116} = {AF7CEBC6-679C-4F97-BCBF-849368D784CB}
		{27CE1031-3679-4B27-B8A2-E0D9C9E1F2A8} = {CB8FC399-4972-49AC-9D40-EEE3923A6455}
		{4AB3BE2F-AD61-481C-8A6F-E9B79BFE4F78} = {387A5E55-FDB8-44EA-924D-4D50483A438B}
	EndGlobalSection
	GlobalSection(ExtensibilityGlobals) = postSolution
		SolutionGuid = {1F5D97C7-6046-43A8-B447-C6A48A28696B}
	EndGlobalSection
EndGlobal
